{
  "name": "high-perf-secure-cloud-arch",
  "lockfileVersion": 3,
  "packages": {
    "": {
      "name": "high-perf-secure-cloud-arch",
      "version": "1.0.0",
      "license": "MIT",
      "devDependencies": {
        "jest": "29.7.0"
      }
    },
    "node_modules/jest": {
      "version": "29.7.0",
      "resolved": "https://registry.npmjs.org/jest/-/jest-29.7.0.tgz",
      "integrity": "sha512-PLACEHOLDER"
    }
  }
}
